
Microsoft Visual Studio Solution File, Format Version 12.00
# Visual Studio Version 17
VisualStudioVersion = 17.7.34009.444
MinimumVisualStudioVersion = 10.0.40219.1
Project("{FAE04EC0-301F-11D3-BF4B-00C04F79EFBC}") = "LineComparisonProblem", "LineComparisonProblem.csproj", "{02B2D26B-1C32-4023-A60C-A6028FFC68F6}"
EndProject
Global
	GlobalSection(SolutionConfigurationPlatforms) = preSolution
		Debug|Any CPU = Debug|Any CPU
		Release|Any CPU = Release|Any CPU
	EndGlobalSection
	GlobalSection(ProjectConfigurationPlatforms) = postSolution
		{02B2D26B-1C32-4023-A60C-A6028FFC68F6}.Debug|Any CPU.ActiveCfg = Debug|Any CPU
		{02B2D26B-1C32-4023-A60C-A6028FFC68F6}.Debug|Any CPU.Build.0 = Debug|Any CPU
		{02B2D26B-1C32-4023-A60C-A6028FFC68F6}.Release|Any CPU.ActiveCfg = Release|Any CPU
		{02B2D26B-1C32-4023-A60C-A6028FFC68F6}.Release|Any CPU.Build.0 = Release|Any CPU
	EndGlobalSection
	GlobalSection(SolutionProperties) = preSolution
		HideSolutionNode = FALSE
	EndGlobalSection
	GlobalSection(ExtensibilityGlobals) = postSolution
		SolutionGuid = {09E07C2D-885E-439C-B6B4-89F170A0FF2F}
	EndGlobalSection
EndGlobal
